
Microsoft Visual Studio Solution File, Format Version 12.00
# Visual Studio Version 16
VisualStudioVersion = 16.0.30114.105
MinimumVisualStudioVersion = 10.0.40219.1
Project("{FAE04EC0-301F-11D3-BF4B-00C04F79EFBC}") = "DemoFluentApiExamples", "DemoFluentApiExamples\DemoFluentApiExamples.csproj", "{AEF8AD7D-41BA-4780-8C50-FC9541C5A8AA}"
EndProject
Global
	GlobalSection(SolutionConfigurationPlatforms) = preSolution
		Debug|Any CPU = Debug|Any CPU
		Release|Any CPU = Release|Any CPU
	EndGlobalSection
	GlobalSection(SolutionProperties) = preSolution
		HideSolutionNode = FALSE
	EndGlobalSection
	GlobalSection(ProjectConfigurationPlatforms) = postSolution
		{AEF8AD7D-41BA-4780-8C50-FC9541C5A8AA}.Debug|Any CPU.ActiveCfg = Debug|Any CPU
		{AEF8AD7D-41BA-4780-8C50-FC9541C5A8AA}.Debug|Any CPU.Build.0 = Debug|Any CPU
		{AEF8AD7D-41BA-4780-8C50-FC9541C5A8AA}.Release|Any CPU.ActiveCfg = Release|Any CPU
		{AEF8AD7D-41BA-4780-8C50-FC9541C5A8AA}.Release|Any CPU.Build.0 = Release|Any CPU
	EndGlobalSection
EndGlobal
